
Microsoft Visual Studio Solution File, Format Version 12.00
# Visual Studio Version 17
VisualStudioVersion = 17.5.33516.290
MinimumVisualStudioVersion = 10.0.40219.1
Project("{FAE04EC0-301F-11D3-BF4B-00C04F79EFBC}") = "oespinProyectoPaex.Android", "oespinProyectoPaex.Android\oespinProyectoPaex.Android.csproj", "{B769ED55-3698-43EA-94C4-9FB648C17DE5}"
EndProject
Project("{FAE04EC0-301F-11D3-BF4B-00C04F79EFBC}") = "oespinProyectoPaex.iOS", "oespinProyectoPaex.iOS\oespinProyectoPaex.iOS.csproj", "{DF31F360-8DC3-4B02-964A-DEE24AA7A917}"
EndProject
Project("{FAE04EC0-301F-11D3-BF4B-00C04F79EFBC}") = "oespinProyectoPaex", "oespinProyectoPaex\oespinProyectoPaex.csproj", "{96D0DED4-B1E1-4AAC-A223-5E31DC4D9E75}"
EndProject
Global
	GlobalSection(SolutionConfigurationPlatforms) = preSolution
		Debug|Any CPU = Debug|Any CPU
		Debug|iPhone = Debug|iPhone
		Debug|iPhoneSimulator = Debug|iPhoneSimulator
		Release|Any CPU = Release|Any CPU
		Release|iPhone = Release|iPhone
		Release|iPhoneSimulator = Release|iPhoneSimulator
	EndGlobalSection
	GlobalSection(ProjectConfigurationPlatforms) = postSolution
		{B769ED55-3698-43EA-94C4-9FB648C17DE5}.Debug|Any CPU.ActiveCfg = Debug|Any CPU
		{B769ED55-3698-43EA-94C4-9FB648C17DE5}.Debug|Any CPU.Build.0 = Debug|Any CPU
		{B769ED55-3698-43EA-94C4-9FB648C17DE5}.Debug|Any CPU.Deploy.0 = Debug|Any CPU
		{B769ED55-3698-43EA-94C4-9FB648C17DE5}.Debug|iPhone.ActiveCfg = Debug|Any CPU
		{B769ED55-3698-43EA-94C4-9FB648C17DE5}.Debug|iPhone.Build.0 = Debug|Any CPU
		{B769ED55-3698-43EA-94C4-9FB648C17DE5}.Debug|iPhone.Deploy.0 = Debug|Any CPU
		{B769ED55-3698-43EA-94C4-9FB648C17DE5}.Debug|iPhoneSimulator.ActiveCfg = Debug|Any CPU
		{B769ED55-3698-43EA-94C4-9FB648C17DE5}.Debug|iPhoneSimulator.Build.0 = Debug|Any CPU
		{B769ED55-3698-43EA-94C4-9FB648C17DE5}.Debug|iPhoneSimulator.Deploy.0 = Debug|Any CPU
		{B769ED55-3698-43EA-94C4-9FB648C17DE5}.Release|Any CPU.ActiveCfg = Release|Any CPU
		{B769ED55-3698-43EA-94C4-9FB648C17DE5}.Release|Any CPU.Build.0 = Release|Any CPU
		{B769ED55-3698-43EA-94C4-9FB648C17DE5}.Release|Any CPU.Deploy.0 = Release|Any CPU
		{B769ED55-3698-43EA-94C4-9FB648C17DE5}.Release|iPhone.ActiveCfg = Release|Any CPU
		{B769ED55-3698-43EA-94C4-9FB648C17DE5}.Release|iPhone.Build.0 = Release|Any CPU
		{B769ED55-3698-43EA-94C4-9FB648C17DE5}.Release|iPhone.Deploy.0 = Release|Any CPU
		{B769ED55-3698-43EA-94C4-9FB648C17DE5}.Release|iPhoneSimulator.ActiveCfg = Release|Any CPU
		{B769ED55-3698-43EA-94C4-9FB648C17DE5}.Release|iPhoneSimulator.Build.0 = Release|Any CPU
		{B769ED55-3698-43EA-94C4-9FB648C17DE5}.Release|iPhoneSimulator.Deploy.0 = Release|Any CPU
		{DF31F360-8DC3-4B02-964A-DEE24AA7A917}.Debug|Any CPU.ActiveCfg = Debug|iPhone
		{DF31F360-8DC3-4B02-964A-DEE24AA7A917}.Debug|Any CPU.Build.0 = Debug|iPhone
		{DF31F360-8DC3-4B02-964A-DEE24AA7A917}.Debug|Any CPU.Deploy.0 = Debug|iPhone
		{DF31F360-8DC3-4B02-964A-DEE24AA7A917}.Debug|iPhone.ActiveCfg = Debug|iPhone
		{DF31F360-8DC3-4B02-964A-DEE24AA7A917}.Debug|iPhone.Build.0 = Debug|iPhone
		{DF31F360-8DC3-4B02-964A-DEE24AA7A917}.Debug|iPhone.Deploy.0 = Debug|iPhone
		{DF31F360-8DC3-4B02-964A-DEE24AA7A917}.Debug|iPhoneSimulator.ActiveCfg = Debug|iPhoneSimulator
		{DF31F360-8DC3-4B02-964A-DEE24AA7A917}.Debug|iPhoneSimulator.Build.0 = Debug|iPhoneSimulator
		{DF31F360-8DC3-4B02-964A-DEE24AA7A917}.Debug|iPhoneSimulator.Deploy.0 = Debug|iPhoneSimulator
		{DF31F360-8DC3-4B02-964A-DEE24AA7A917}.Release|Any CPU.ActiveCfg = Release|iPhoneSimulator
		{DF31F360-8DC3-4B02-964A-DEE24AA7A917}.Release|Any CPU.Build.0 = Release|iPhoneSimulator
		{DF31F360-8DC3-4B02-964A-DEE24AA7A917}.Release|Any CPU.Deploy.0 = Release|iPhoneSimulator
		{DF31F360-8DC3-4B02-964A-DEE24AA7A917}.Release|iPhone.ActiveCfg = Release|iPhone
		{DF31F360-8DC3-4B02-964A-DEE24AA7A917}.Release|iPhone.Build.0 = Release|iPhone
		{DF31F360-8DC3-4B02-964A-DEE24AA7A917}.Release|iPhone.Deploy.0 = Release|iPhone
		{DF31F360-8DC3-4B02-964A-DEE24AA7A917}.Release|iPhoneSimulator.ActiveCfg = Release|iPhoneSimulator
		{DF31F360-8DC3-4B02-964A-DEE24AA7A917}.Release|iPhoneSimulator.Build.0 = Release|iPhoneSimulator
		{DF31F360-8DC3-4B02-964A-DEE24AA7A917}.Release|iPhoneSimulator.Deploy.0 = Release|iPhoneSimulator
		{96D0DED4-B1E1-4AAC-A223-5E31DC4D9E75}.Debug|Any CPU.ActiveCfg = Debug|Any CPU
		{96D0DED4-B1E1-4AAC-A223-5E31DC4D9E75}.Debug|Any CPU.Build.0 = Debug|Any CPU
		{96D0DED4-B1E1-4AAC-A223-5E31DC4D9E75}.Debug|Any CPU.Deploy.0 = Debug|Any CPU
		{96D0DED4-B1E1-4AAC-A223-5E31DC4D9E75}.Debug|iPhone.ActiveCfg = Debug|Any CPU
		{96D0DED4-B1E1-4AAC-A223-5E31DC4D9E75}.Debug|iPhone.Build.0 = Debug|Any CPU
		{96D0DED4-B1E1-4AAC-A223-5E31DC4D9E75}.Debug|iPhone.Deploy.0 = Debug|Any CPU
		{96D0DED4-B1E1-4AAC-A223-5E31DC4D9E75}.Debug|iPhoneSimulator.ActiveCfg = Debug|Any CPU
		{96D0DED4-B1E1-4AAC-A223-5E31DC4D9E75}.Debug|iPhoneSimulator.Build.0 = Debug|Any CPU
		{96D0DED4-B1E1-4AAC-A223-5E31DC4D9E75}.Debug|iPhoneSimulator.Deploy.0 = Debug|Any CPU
		{96D0DED4-B1E1-4AAC-A223-5E31DC4D9E75}.Release|Any CPU.ActiveCfg = Release|Any CPU
		{96D0DED4-B1E1-4AAC-A223-5E31DC4D9E75}.Release|Any CPU.Build.0 = Release|Any CPU
		{96D0DED4-B1E1-4AAC-A223-5E31DC4D9E75}.Release|Any CPU.Deploy.0 = Release|Any CPU
		{96D0DED4-B1E1-4AAC-A223-5E31DC4D9E75}.Release|iPhone.ActiveCfg = Release|Any CPU
		{96D0DED4-B1E1-4AAC-A223-5E31DC4D9E75}.Release|iPhone.Build.0 = Release|Any CPU
		{96D0DED4-B1E1-4AAC-A223-5E31DC4D9E75}.Release|iPhone.Deploy.0 = Release|Any CPU
		{96D0DED4-B1E1-4AAC-A223-5E31DC4D9E75}.Release|iPhoneSimulator.ActiveCfg = Release|Any CPU
		{96D0DED4-B1E1-4AAC-A223-5E31DC4D9E75}.Release|iPhoneSimulator.Build.0 = Release|Any CPU
		{96D0DED4-B1E1-4AAC-A223-5E31DC4D9E75}.Release|iPhoneSimulator.Deploy.0 = Release|Any CPU
	EndGlobalSection
	GlobalSection(SolutionProperties) = preSolution
		HideSolutionNode = FALSE
	EndGlobalSection
	GlobalSection(ExtensibilityGlobals) = postSolution
		SolutionGuid = {C7FC3F25-E1C3-4522-946C-45EEA63F0A9E}
	EndGlobalSection
EndGlobal
